
Microsoft Visual Studio Solution File, Format Version 12.00
# Visual Studio Version 16
VisualStudioVersion = 16.0.29613.14
MinimumVisualStudioVersion = 10.0.40219.1
Project("{8BC9CEB8-8B4A-11D0-8D11-00A0C91BC942}") = "Coding Exercise 1", "Coding Exercise 1.vcxproj", "{FA55CC5B-3B16-483A-8743-7B833D081E1C}"
EndProject
Global
	GlobalSection(SolutionConfigurationPlatforms) = preSolution
		Debug|x64 = Debug|x64
		Debug|x86 = Debug|x86
		Release|x64 = Release|x64
		Release|x86 = Release|x86
	EndGlobalSection
	GlobalSection(ProjectConfigurationPlatforms) = postSolution
		{FA55CC5B-3B16-483A-8743-7B833D081E1C}.Debug|x64.ActiveCfg = Debug|x64
		{FA55CC5B-3B16-483A-8743-7B833D081E1C}.Debug|x64.Build.0 = Debug|x64
		{FA55CC5B-3B16-483A-8743-7B833D081E1C}.Debug|x86.ActiveCfg = Debug|Win32
		{FA55CC5B-3B16-483A-8743-7B833D081E1C}.Debug|x86.Build.0 = Debug|Win32
		{FA55CC5B-3B16-483A-8743-7B833D081E1C}.Release|x64.ActiveCfg = Release|x64
		{FA55CC5B-3B16-483A-8743-7B833D081E1C}.Release|x64.Build.0 = Release|x64
		{FA55CC5B-3B16-483A-8743-7B833D081E1C}.Release|x86.ActiveCfg = Release|Win32
		{FA55CC5B-3B16-483A-8743-7B833D081E1C}.Release|x86.Build.0 = Release|Win32
	EndGlobalSection
	GlobalSection(SolutionProperties) = preSolution
		HideSolutionNode = FALSE
	EndGlobalSection
	GlobalSection(ExtensibilityGlobals) = postSolution
		SolutionGuid = {B64B9717-6932-43CB-8D08-F6E552DCB04A}
	EndGlobalSection
EndGlobal
