
Microsoft Visual Studio Solution File, Format Version 12.00
# Visual Studio Version 16
VisualStudioVersion = 16.0.29519.87
MinimumVisualStudioVersion = 10.0.40219.1
Project("{8BC9CEB8-8B4A-11D0-8D11-00A0C91BC942}") = "Section 6 Challenge", "Section 6 Challenge.vcxproj", "{3C6E5EDA-62E3-4FB7-8B52-A80D0069AF90}"
EndProject
Global
	GlobalSection(SolutionConfigurationPlatforms) = preSolution
		Debug|x64 = Debug|x64
		Debug|x86 = Debug|x86
		Release|x64 = Release|x64
		Release|x86 = Release|x86
	EndGlobalSection
	GlobalSection(ProjectConfigurationPlatforms) = postSolution
		{3C6E5EDA-62E3-4FB7-8B52-A80D0069AF90}.Debug|x64.ActiveCfg = Debug|x64
		{3C6E5EDA-62E3-4FB7-8B52-A80D0069AF90}.Debug|x64.Build.0 = Debug|x64
		{3C6E5EDA-62E3-4FB7-8B52-A80D0069AF90}.Debug|x86.ActiveCfg = Debug|Win32
		{3C6E5EDA-62E3-4FB7-8B52-A80D0069AF90}.Debug|x86.Build.0 = Debug|Win32
		{3C6E5EDA-62E3-4FB7-8B52-A80D0069AF90}.Release|x64.ActiveCfg = Release|x64
		{3C6E5EDA-62E3-4FB7-8B52-A80D0069AF90}.Release|x64.Build.0 = Release|x64
		{3C6E5EDA-62E3-4FB7-8B52-A80D0069AF90}.Release|x86.ActiveCfg = Release|Win32
		{3C6E5EDA-62E3-4FB7-8B52-A80D0069AF90}.Release|x86.Build.0 = Release|Win32
	EndGlobalSection
	GlobalSection(SolutionProperties) = preSolution
		HideSolutionNode = FALSE
	EndGlobalSection
	GlobalSection(ExtensibilityGlobals) = postSolution
		SolutionGuid = {61C48DB7-6D99-4936-AC2C-604F8FED8964}
	EndGlobalSection
EndGlobal
