
Microsoft Visual Studio Solution File, Format Version 12.00
# Visual Studio Version 16
VisualStudioVersion = 16.0.30225.117
MinimumVisualStudioVersion = 10.0.40219.1
Project("{8BC9CEB8-8B4A-11D0-8D11-00A0C91BC942}") = "Section 19 Challenge 4", "Section 19 Challenge 4.vcxproj", "{3D722042-28A6-46CD-AECD-83DCFB60665C}"
EndProject
Global
	GlobalSection(SolutionConfigurationPlatforms) = preSolution
		Debug|x64 = Debug|x64
		Debug|x86 = Debug|x86
		Release|x64 = Release|x64
		Release|x86 = Release|x86
	EndGlobalSection
	GlobalSection(ProjectConfigurationPlatforms) = postSolution
		{3D722042-28A6-46CD-AECD-83DCFB60665C}.Debug|x64.ActiveCfg = Debug|x64
		{3D722042-28A6-46CD-AECD-83DCFB60665C}.Debug|x64.Build.0 = Debug|x64
		{3D722042-28A6-46CD-AECD-83DCFB60665C}.Debug|x86.ActiveCfg = Debug|Win32
		{3D722042-28A6-46CD-AECD-83DCFB60665C}.Debug|x86.Build.0 = Debug|Win32
		{3D722042-28A6-46CD-AECD-83DCFB60665C}.Release|x64.ActiveCfg = Release|x64
		{3D722042-28A6-46CD-AECD-83DCFB60665C}.Release|x64.Build.0 = Release|x64
		{3D722042-28A6-46CD-AECD-83DCFB60665C}.Release|x86.ActiveCfg = Release|Win32
		{3D722042-28A6-46CD-AECD-83DCFB60665C}.Release|x86.Build.0 = Release|Win32
	EndGlobalSection
	GlobalSection(SolutionProperties) = preSolution
		HideSolutionNode = FALSE
	EndGlobalSection
	GlobalSection(ExtensibilityGlobals) = postSolution
		SolutionGuid = {1639EF98-B60D-4DDF-911D-C895AC54472A}
	EndGlobalSection
EndGlobal
