
Microsoft Visual Studio Solution File, Format Version 12.00
# Visual Studio Version 16
VisualStudioVersion = 16.0.29806.167
MinimumVisualStudioVersion = 10.0.40219.1
Project("{8BC9CEB8-8B4A-11D0-8D11-00A0C91BC942}") = "Coding Exercise 28", "Coding Exercise 28.vcxproj", "{189CF655-41C5-4250-A1AC-B3893641EBD1}"
EndProject
Global
	GlobalSection(SolutionConfigurationPlatforms) = preSolution
		Debug|x64 = Debug|x64
		Debug|x86 = Debug|x86
		Release|x64 = Release|x64
		Release|x86 = Release|x86
	EndGlobalSection
	GlobalSection(ProjectConfigurationPlatforms) = postSolution
		{189CF655-41C5-4250-A1AC-B3893641EBD1}.Debug|x64.ActiveCfg = Debug|x64
		{189CF655-41C5-4250-A1AC-B3893641EBD1}.Debug|x64.Build.0 = Debug|x64
		{189CF655-41C5-4250-A1AC-B3893641EBD1}.Debug|x86.ActiveCfg = Debug|Win32
		{189CF655-41C5-4250-A1AC-B3893641EBD1}.Debug|x86.Build.0 = Debug|Win32
		{189CF655-41C5-4250-A1AC-B3893641EBD1}.Release|x64.ActiveCfg = Release|x64
		{189CF655-41C5-4250-A1AC-B3893641EBD1}.Release|x64.Build.0 = Release|x64
		{189CF655-41C5-4250-A1AC-B3893641EBD1}.Release|x86.ActiveCfg = Release|Win32
		{189CF655-41C5-4250-A1AC-B3893641EBD1}.Release|x86.Build.0 = Release|Win32
	EndGlobalSection
	GlobalSection(SolutionProperties) = preSolution
		HideSolutionNode = FALSE
	EndGlobalSection
	GlobalSection(ExtensibilityGlobals) = postSolution
		SolutionGuid = {9C3F0E0A-E4D1-42BC-88F5-2D50693442E2}
	EndGlobalSection
EndGlobal
