
Microsoft Visual Studio Solution File, Format Version 12.00
# Visual Studio Version 16
VisualStudioVersion = 16.0.29613.14
MinimumVisualStudioVersion = 10.0.40219.1
Project("{8BC9CEB8-8B4A-11D0-8D11-00A0C91BC942}") = "Coding Exercise 22", "Coding Exercise 22.vcxproj", "{A5507306-BD49-46FF-99B4-6AFEACF04643}"
EndProject
Global
	GlobalSection(SolutionConfigurationPlatforms) = preSolution
		Debug|x64 = Debug|x64
		Debug|x86 = Debug|x86
		Release|x64 = Release|x64
		Release|x86 = Release|x86
	EndGlobalSection
	GlobalSection(ProjectConfigurationPlatforms) = postSolution
		{A5507306-BD49-46FF-99B4-6AFEACF04643}.Debug|x64.ActiveCfg = Debug|x64
		{A5507306-BD49-46FF-99B4-6AFEACF04643}.Debug|x64.Build.0 = Debug|x64
		{A5507306-BD49-46FF-99B4-6AFEACF04643}.Debug|x86.ActiveCfg = Debug|Win32
		{A5507306-BD49-46FF-99B4-6AFEACF04643}.Debug|x86.Build.0 = Debug|Win32
		{A5507306-BD49-46FF-99B4-6AFEACF04643}.Release|x64.ActiveCfg = Release|x64
		{A5507306-BD49-46FF-99B4-6AFEACF04643}.Release|x64.Build.0 = Release|x64
		{A5507306-BD49-46FF-99B4-6AFEACF04643}.Release|x86.ActiveCfg = Release|Win32
		{A5507306-BD49-46FF-99B4-6AFEACF04643}.Release|x86.Build.0 = Release|Win32
	EndGlobalSection
	GlobalSection(SolutionProperties) = preSolution
		HideSolutionNode = FALSE
	EndGlobalSection
	GlobalSection(ExtensibilityGlobals) = postSolution
		SolutionGuid = {764FE860-57D3-4214-8CF4-FA2F46BE2ACD}
	EndGlobalSection
EndGlobal
