
Microsoft Visual Studio Solution File, Format Version 12.00
# Visual Studio Version 16
VisualStudioVersion = 16.0.30225.117
MinimumVisualStudioVersion = 10.0.40219.1
Project("{8BC9CEB8-8B4A-11D0-8D11-00A0C91BC942}") = "Section 20 Challenge 2", "Section 20 Challenge 2.vcxproj", "{285884B5-B7C2-4C10-9FD6-CA8D2E08926D}"
EndProject
Global
	GlobalSection(SolutionConfigurationPlatforms) = preSolution
		Debug|x64 = Debug|x64
		Debug|x86 = Debug|x86
		Release|x64 = Release|x64
		Release|x86 = Release|x86
	EndGlobalSection
	GlobalSection(ProjectConfigurationPlatforms) = postSolution
		{285884B5-B7C2-4C10-9FD6-CA8D2E08926D}.Debug|x64.ActiveCfg = Debug|x64
		{285884B5-B7C2-4C10-9FD6-CA8D2E08926D}.Debug|x64.Build.0 = Debug|x64
		{285884B5-B7C2-4C10-9FD6-CA8D2E08926D}.Debug|x86.ActiveCfg = Debug|Win32
		{285884B5-B7C2-4C10-9FD6-CA8D2E08926D}.Debug|x86.Build.0 = Debug|Win32
		{285884B5-B7C2-4C10-9FD6-CA8D2E08926D}.Release|x64.ActiveCfg = Release|x64
		{285884B5-B7C2-4C10-9FD6-CA8D2E08926D}.Release|x64.Build.0 = Release|x64
		{285884B5-B7C2-4C10-9FD6-CA8D2E08926D}.Release|x86.ActiveCfg = Release|Win32
		{285884B5-B7C2-4C10-9FD6-CA8D2E08926D}.Release|x86.Build.0 = Release|Win32
	EndGlobalSection
	GlobalSection(SolutionProperties) = preSolution
		HideSolutionNode = FALSE
	EndGlobalSection
	GlobalSection(ExtensibilityGlobals) = postSolution
		SolutionGuid = {096C5D22-3322-4B0D-94FD-E708A12E63D0}
	EndGlobalSection
EndGlobal
