
Microsoft Visual Studio Solution File, Format Version 12.00
# Visual Studio Version 16
VisualStudioVersion = 16.0.29613.14
MinimumVisualStudioVersion = 10.0.40219.1
Project("{8BC9CEB8-8B4A-11D0-8D11-00A0C91BC942}") = "Section 4 Challenge", "Section 4 Challenge.vcxproj", "{90516F22-B8E8-47A1-8712-688D478162DE}"
EndProject
Global
	GlobalSection(SolutionConfigurationPlatforms) = preSolution
		Debug|x64 = Debug|x64
		Debug|x86 = Debug|x86
		Release|x64 = Release|x64
		Release|x86 = Release|x86
	EndGlobalSection
	GlobalSection(ProjectConfigurationPlatforms) = postSolution
		{90516F22-B8E8-47A1-8712-688D478162DE}.Debug|x64.ActiveCfg = Debug|x64
		{90516F22-B8E8-47A1-8712-688D478162DE}.Debug|x64.Build.0 = Debug|x64
		{90516F22-B8E8-47A1-8712-688D478162DE}.Debug|x86.ActiveCfg = Debug|Win32
		{90516F22-B8E8-47A1-8712-688D478162DE}.Debug|x86.Build.0 = Debug|Win32
		{90516F22-B8E8-47A1-8712-688D478162DE}.Release|x64.ActiveCfg = Release|x64
		{90516F22-B8E8-47A1-8712-688D478162DE}.Release|x64.Build.0 = Release|x64
		{90516F22-B8E8-47A1-8712-688D478162DE}.Release|x86.ActiveCfg = Release|Win32
		{90516F22-B8E8-47A1-8712-688D478162DE}.Release|x86.Build.0 = Release|Win32
	EndGlobalSection
	GlobalSection(SolutionProperties) = preSolution
		HideSolutionNode = FALSE
	EndGlobalSection
	GlobalSection(ExtensibilityGlobals) = postSolution
		SolutionGuid = {16E9B416-6BFC-4171-ADEC-57647A3EB87D}
	EndGlobalSection
EndGlobal
