
Microsoft Visual Studio Solution File, Format Version 12.00
# Visual Studio Version 16
VisualStudioVersion = 16.0.30225.117
MinimumVisualStudioVersion = 10.0.40219.1
Project("{8BC9CEB8-8B4A-11D0-8D11-00A0C91BC942}") = "Section 20 Challenge 3", "Section 20 Challenge 3.vcxproj", "{ADBE2BA8-A490-427D-BDCF-08530C2598EF}"
EndProject
Global
	GlobalSection(SolutionConfigurationPlatforms) = preSolution
		Debug|x64 = Debug|x64
		Debug|x86 = Debug|x86
		Release|x64 = Release|x64
		Release|x86 = Release|x86
	EndGlobalSection
	GlobalSection(ProjectConfigurationPlatforms) = postSolution
		{ADBE2BA8-A490-427D-BDCF-08530C2598EF}.Debug|x64.ActiveCfg = Debug|x64
		{ADBE2BA8-A490-427D-BDCF-08530C2598EF}.Debug|x64.Build.0 = Debug|x64
		{ADBE2BA8-A490-427D-BDCF-08530C2598EF}.Debug|x86.ActiveCfg = Debug|Win32
		{ADBE2BA8-A490-427D-BDCF-08530C2598EF}.Debug|x86.Build.0 = Debug|Win32
		{ADBE2BA8-A490-427D-BDCF-08530C2598EF}.Release|x64.ActiveCfg = Release|x64
		{ADBE2BA8-A490-427D-BDCF-08530C2598EF}.Release|x64.Build.0 = Release|x64
		{ADBE2BA8-A490-427D-BDCF-08530C2598EF}.Release|x86.ActiveCfg = Release|Win32
		{ADBE2BA8-A490-427D-BDCF-08530C2598EF}.Release|x86.Build.0 = Release|Win32
	EndGlobalSection
	GlobalSection(SolutionProperties) = preSolution
		HideSolutionNode = FALSE
	EndGlobalSection
	GlobalSection(ExtensibilityGlobals) = postSolution
		SolutionGuid = {CAF487F8-588F-41F5-9D3F-7BBB7A49F600}
	EndGlobalSection
EndGlobal
