
Microsoft Visual Studio Solution File, Format Version 12.00
# Visual Studio Version 16
VisualStudioVersion = 16.0.29613.14
MinimumVisualStudioVersion = 10.0.40219.1
Project("{8BC9CEB8-8B4A-11D0-8D11-00A0C91BC942}") = "Coding Exercise 17", "Coding Exercise 17.vcxproj", "{CC3F49E7-5528-4D92-8B60-D8D441AC40E9}"
EndProject
Global
	GlobalSection(SolutionConfigurationPlatforms) = preSolution
		Debug|x64 = Debug|x64
		Debug|x86 = Debug|x86
		Release|x64 = Release|x64
		Release|x86 = Release|x86
	EndGlobalSection
	GlobalSection(ProjectConfigurationPlatforms) = postSolution
		{CC3F49E7-5528-4D92-8B60-D8D441AC40E9}.Debug|x64.ActiveCfg = Debug|x64
		{CC3F49E7-5528-4D92-8B60-D8D441AC40E9}.Debug|x64.Build.0 = Debug|x64
		{CC3F49E7-5528-4D92-8B60-D8D441AC40E9}.Debug|x86.ActiveCfg = Debug|Win32
		{CC3F49E7-5528-4D92-8B60-D8D441AC40E9}.Debug|x86.Build.0 = Debug|Win32
		{CC3F49E7-5528-4D92-8B60-D8D441AC40E9}.Release|x64.ActiveCfg = Release|x64
		{CC3F49E7-5528-4D92-8B60-D8D441AC40E9}.Release|x64.Build.0 = Release|x64
		{CC3F49E7-5528-4D92-8B60-D8D441AC40E9}.Release|x86.ActiveCfg = Release|Win32
		{CC3F49E7-5528-4D92-8B60-D8D441AC40E9}.Release|x86.Build.0 = Release|Win32
	EndGlobalSection
	GlobalSection(SolutionProperties) = preSolution
		HideSolutionNode = FALSE
	EndGlobalSection
	GlobalSection(ExtensibilityGlobals) = postSolution
		SolutionGuid = {D5E580D5-8349-491F-A057-DF9E0A064755}
	EndGlobalSection
EndGlobal
